
Microsoft Visual Studio Solution File, Format Version 12.00
# Visual Studio Version 17
VisualStudioVersion = 17.1.32414.318
MinimumVisualStudioVersion = 10.0.40219.1
Project("{2150E333-8FDC-42A3-9474-1A3956D46DE8}") = "SolutionItems", "SolutionItems", "{18A25940-8D9B-4804-847D-C5E7D54E6D0B}"
	ProjectSection(SolutionItems) = preProject
		CODEOWNERS = CODEOWNERS
		LICENSE = LICENSE
		README.md = README.md
	EndProjectSection
EndProject
Project("{FAE04EC0-301F-11D3-BF4B-00C04F79EFBC}") = "FnaUpdater", "FnaUpdater\FnaUpdater.csproj", "{BFDF19A5-3552-4B2D-B750-8023F12952D0}"
EndProject
Project("{FAE04EC0-301F-11D3-BF4B-00C04F79EFBC}") = "FnaUpdater.Core", "FnaUpdater.Core\FnaUpdater.Core.csproj", "{7B041C87-D9B7-4F14-96F1-44102DAA90BA}"
EndProject
Global
	GlobalSection(SolutionConfigurationPlatforms) = preSolution
		Debug|Any CPU = Debug|Any CPU
		Release|Any CPU = Release|Any CPU
	EndGlobalSection
	GlobalSection(ProjectConfigurationPlatforms) = postSolution
		{BFDF19A5-3552-4B2D-B750-8023F12952D0}.Debug|Any CPU.ActiveCfg = Debug|Any CPU
		{BFDF19A5-3552-4B2D-B750-8023F12952D0}.Debug|Any CPU.Build.0 = Debug|Any CPU
		{BFDF19A5-3552-4B2D-B750-8023F12952D0}.Release|Any CPU.ActiveCfg = Release|Any CPU
		{BFDF19A5-3552-4B2D-B750-8023F12952D0}.Release|Any CPU.Build.0 = Release|Any CPU
		{7B041C87-D9B7-4F14-96F1-44102DAA90BA}.Debug|Any CPU.ActiveCfg = Debug|Any CPU
		{7B041C87-D9B7-4F14-96F1-44102DAA90BA}.Debug|Any CPU.Build.0 = Debug|Any CPU
		{7B041C87-D9B7-4F14-96F1-44102DAA90BA}.Release|Any CPU.ActiveCfg = Release|Any CPU
		{7B041C87-D9B7-4F14-96F1-44102DAA90BA}.Release|Any CPU.Build.0 = Release|Any CPU
	EndGlobalSection
	GlobalSection(SolutionProperties) = preSolution
		HideSolutionNode = FALSE
	EndGlobalSection
	GlobalSection(ExtensibilityGlobals) = postSolution
		SolutionGuid = {DC244D37-1AB9-4777-9FD7-8A79784CAC7C}
	EndGlobalSection
EndGlobal
