
Microsoft Visual Studio Solution File, Format Version 12.00
# Visual Studio Version 17
VisualStudioVersion = 17.1.32414.318
MinimumVisualStudioVersion = 10.0.40219.1
Project("{9A19103F-16F7-4668-BE54-9A1E7A4F7556}") = "FnaUpdater", "FnaUpdater\FnaUpdater.csproj", "{DAF28E52-6E74-4334-B567-A03EA4CADA7E}"
EndProject
Project("{2150E333-8FDC-42A3-9474-1A3956D46DE8}") = "SolutionItems", "SolutionItems", "{18A25940-8D9B-4804-847D-C5E7D54E6D0B}"
	ProjectSection(SolutionItems) = preProject
		CODEOWNERS = CODEOWNERS
		LICENSE = LICENSE
		README.md = README.md
	EndProjectSection
EndProject
Global
	GlobalSection(SolutionConfigurationPlatforms) = preSolution
		Debug|Any CPU = Debug|Any CPU
		Release|Any CPU = Release|Any CPU
	EndGlobalSection
	GlobalSection(ProjectConfigurationPlatforms) = postSolution
		{DAF28E52-6E74-4334-B567-A03EA4CADA7E}.Debug|Any CPU.ActiveCfg = Debug|Any CPU
		{DAF28E52-6E74-4334-B567-A03EA4CADA7E}.Debug|Any CPU.Build.0 = Debug|Any CPU
		{DAF28E52-6E74-4334-B567-A03EA4CADA7E}.Release|Any CPU.ActiveCfg = Release|Any CPU
		{DAF28E52-6E74-4334-B567-A03EA4CADA7E}.Release|Any CPU.Build.0 = Release|Any CPU
	EndGlobalSection
	GlobalSection(SolutionProperties) = preSolution
		HideSolutionNode = FALSE
	EndGlobalSection
	GlobalSection(ExtensibilityGlobals) = postSolution
		SolutionGuid = {DC244D37-1AB9-4777-9FD7-8A79784CAC7C}
	EndGlobalSection
EndGlobal
